
Microsoft Visual Studio Solution File, Format Version 12.00
# Visual Studio Version 16
VisualStudioVersion = 16.0.30413.136
MinimumVisualStudioVersion = 10.0.40219.1
Project("{FAE04EC0-301F-11D3-BF4B-00C04F79EFBC}") = "MSCRProject", "Project\MSCRProject.csproj", "{C9B757B7-3487-45B5-BE72-18D5D2693420}"
EndProject
Global
	GlobalSection(SolutionConfigurationPlatforms) = preSolution
		Debug|Any CPU = Debug|Any CPU
		Release|Any CPU = Release|Any CPU
	EndGlobalSection
	GlobalSection(ProjectConfigurationPlatforms) = postSolution
		{C9B757B7-3487-45B5-BE72-18D5D2693420}.Debug|Any CPU.ActiveCfg = Debug|Any CPU
		{C9B757B7-3487-45B5-BE72-18D5D2693420}.Debug|Any CPU.Build.0 = Debug|Any CPU
		{C9B757B7-3487-45B5-BE72-18D5D2693420}.Release|Any CPU.ActiveCfg = Release|Any CPU
		{C9B757B7-3487-45B5-BE72-18D5D2693420}.Release|Any CPU.Build.0 = Release|Any CPU
	EndGlobalSection
	GlobalSection(SolutionProperties) = preSolution
		HideSolutionNode = FALSE
	EndGlobalSection
	GlobalSection(ExtensibilityGlobals) = postSolution
		SolutionGuid = {727E2671-3078-4493-B0F5-1CAE4D5EB9C5}
	EndGlobalSection
EndGlobal
